
Microsoft Visual Studio Solution File, Format Version 12.00
# Visual Studio 15
VisualStudioVersion = 15.0.34031.82
MinimumVisualStudioVersion = 10.0.40219.1
Project("{8BC9CEB8-8B4A-11D0-8D11-00A0C91BC942}") = "3.17", "3.17\3.17.vcxproj", "{4FE89B50-1A94-407C-9394-DE01354AB807}"
EndProject
Global
	GlobalSection(SolutionConfigurationPlatforms) = preSolution
		Debug|x64 = Debug|x64
		Debug|x86 = Debug|x86
		Release|x64 = Release|x64
		Release|x86 = Release|x86
	EndGlobalSection
	GlobalSection(ProjectConfigurationPlatforms) = postSolution
		{4FE89B50-1A94-407C-9394-DE01354AB807}.Debug|x64.ActiveCfg = Debug|x64
		{4FE89B50-1A94-407C-9394-DE01354AB807}.Debug|x64.Build.0 = Debug|x64
		{4FE89B50-1A94-407C-9394-DE01354AB807}.Debug|x86.ActiveCfg = Debug|Win32
		{4FE89B50-1A94-407C-9394-DE01354AB807}.Debug|x86.Build.0 = Debug|Win32
		{4FE89B50-1A94-407C-9394-DE01354AB807}.Release|x64.ActiveCfg = Release|x64
		{4FE89B50-1A94-407C-9394-DE01354AB807}.Release|x64.Build.0 = Release|x64
		{4FE89B50-1A94-407C-9394-DE01354AB807}.Release|x86.ActiveCfg = Release|Win32
		{4FE89B50-1A94-407C-9394-DE01354AB807}.Release|x86.Build.0 = Release|Win32
	EndGlobalSection
	GlobalSection(SolutionProperties) = preSolution
		HideSolutionNode = FALSE
	EndGlobalSection
	GlobalSection(ExtensibilityGlobals) = postSolution
		SolutionGuid = {FED769F8-2F2D-4F40-908E-D515A37327C7}
	EndGlobalSection
EndGlobal
