
Microsoft Visual Studio Solution File, Format Version 12.00
# Visual Studio 15
VisualStudioVersion = 15.0.34031.82
MinimumVisualStudioVersion = 10.0.40219.1
Project("{8BC9CEB8-8B4A-11D0-8D11-00A0C91BC942}") = "4.28", "4.28\4.28.vcxproj", "{A088794A-2E16-4EB2-8CD4-1588211AFD6B}"
EndProject
Global
	GlobalSection(SolutionConfigurationPlatforms) = preSolution
		Debug|x64 = Debug|x64
		Debug|x86 = Debug|x86
		Release|x64 = Release|x64
		Release|x86 = Release|x86
	EndGlobalSection
	GlobalSection(ProjectConfigurationPlatforms) = postSolution
		{A088794A-2E16-4EB2-8CD4-1588211AFD6B}.Debug|x64.ActiveCfg = Debug|x64
		{A088794A-2E16-4EB2-8CD4-1588211AFD6B}.Debug|x64.Build.0 = Debug|x64
		{A088794A-2E16-4EB2-8CD4-1588211AFD6B}.Debug|x86.ActiveCfg = Debug|Win32
		{A088794A-2E16-4EB2-8CD4-1588211AFD6B}.Debug|x86.Build.0 = Debug|Win32
		{A088794A-2E16-4EB2-8CD4-1588211AFD6B}.Release|x64.ActiveCfg = Release|x64
		{A088794A-2E16-4EB2-8CD4-1588211AFD6B}.Release|x64.Build.0 = Release|x64
		{A088794A-2E16-4EB2-8CD4-1588211AFD6B}.Release|x86.ActiveCfg = Release|Win32
		{A088794A-2E16-4EB2-8CD4-1588211AFD6B}.Release|x86.Build.0 = Release|Win32
	EndGlobalSection
	GlobalSection(SolutionProperties) = preSolution
		HideSolutionNode = FALSE
	EndGlobalSection
	GlobalSection(ExtensibilityGlobals) = postSolution
		SolutionGuid = {F66A76BA-AB1D-4A8D-93E9-735C4AD81AE3}
	EndGlobalSection
EndGlobal
